
Microsoft Visual Studio Solution File, Format Version 12.00
# Visual Studio Version 16
VisualStudioVersion = 16.0.30413.136
MinimumVisualStudioVersion = 10.0.40219.1
Project("{FAE04EC0-301F-11D3-BF4B-00C04F79EFBC}") = "tictactoe", "tictactoe\tictactoe.csproj", "{1D4DD3B5-8AB0-4DE6-A12E-B5B81FD714DE}"
EndProject
Global
	GlobalSection(SolutionConfigurationPlatforms) = preSolution
		Debug|Any CPU = Debug|Any CPU
		Release|Any CPU = Release|Any CPU
	EndGlobalSection
	GlobalSection(ProjectConfigurationPlatforms) = postSolution
		{1D4DD3B5-8AB0-4DE6-A12E-B5B81FD714DE}.Debug|Any CPU.ActiveCfg = Debug|Any CPU
		{1D4DD3B5-8AB0-4DE6-A12E-B5B81FD714DE}.Debug|Any CPU.Build.0 = Debug|Any CPU
		{1D4DD3B5-8AB0-4DE6-A12E-B5B81FD714DE}.Release|Any CPU.ActiveCfg = Release|Any CPU
		{1D4DD3B5-8AB0-4DE6-A12E-B5B81FD714DE}.Release|Any CPU.Build.0 = Release|Any CPU
	EndGlobalSection
	GlobalSection(SolutionProperties) = preSolution
		HideSolutionNode = FALSE
	EndGlobalSection
	GlobalSection(ExtensibilityGlobals) = postSolution
		SolutionGuid = {8ECA4842-861E-462F-8E98-8B41F2E993B6}
	EndGlobalSection
EndGlobal
